
Microsoft Visual Studio Solution File, Format Version 12.00
# Visual Studio Version 17
VisualStudioVersion = 17.8.34112.27
MinimumVisualStudioVersion = 10.0.40219.1
Project("{2150E333-8FDC-42A3-9474-1A3956D46DE8}") = "src", "src", "{4D138A24-72BC-4C08-A8DB-D6BB78F1E620}"
EndProject
Project("{2150E333-8FDC-42A3-9474-1A3956D46DE8}") = "test", "test", "{4A296C20-ED7A-40E4-99A2-67F0843BF2DA}"
EndProject
Project("{2150E333-8FDC-42A3-9474-1A3956D46DE8}") = "API", "API", "{4640B94D-6D51-447E-99F3-5C90B4656CE5}"
EndProject
Project("{2150E333-8FDC-42A3-9474-1A3956D46DE8}") = "Core", "Core", "{667A86CB-D5A0-4CD3-9006-146E622FD681}"
EndProject
Project("{2150E333-8FDC-42A3-9474-1A3956D46DE8}") = "Infrastructure", "Infrastructure", "{D0C0C212-9947-41E6-A0FB-7CF001CE4BF7}"
EndProject
Project("{2150E333-8FDC-42A3-9474-1A3956D46DE8}") = "UI", "UI", "{54626A9F-2C6E-4026-A2CA-08383BFA27D2}"
EndProject
Project("{FAE04EC0-301F-11D3-BF4B-00C04F79EFBC}") = "OlimPlus.API", "src\OlimPlus.API\OlimPlus.API.csproj", "{FF07D0EC-7E2F-4836-957F-BF5BF77138D8}"
EndProject
Project("{FAE04EC0-301F-11D3-BF4B-00C04F79EFBC}") = "OlimPlus.Application", "src\OlimPlus.Application\OlimPlus.Application.csproj", "{D86AAD37-0447-40DF-BE0C-A0EC8A49D9F9}"
EndProject
Project("{FAE04EC0-301F-11D3-BF4B-00C04F79EFBC}") = "OlimPlus.Domain", "src\OlimPlus.Domain\OlimPlus.Domain.csproj", "{8AC78BE2-73D9-4C96-94AE-0A11F6190482}"
EndProject
Project("{FAE04EC0-301F-11D3-BF4B-00C04F79EFBC}") = "OlimPlus.Persistence", "src\OlimPlus.Persistence\OlimPlus.Persistence.csproj", "{7BC17B2E-A105-407C-ADFB-CE999EAB7B46}"
EndProject
Project("{FAE04EC0-301F-11D3-BF4B-00C04F79EFBC}") = "OlimPlus.Infrastructure", "src\OlimPlus.Infrastructure\OlimPlus.Infrastructure.csproj", "{298F4F0F-7282-42B5-A773-964A20239E98}"
EndProject
Project("{54A90642-561A-4BB1-A94E-469ADEE60C69}") = "OlimPlus.WebUI", "src\OlimPlus.WebUI\OlimPlus.WebUI.esproj", "{0C68A528-F489-45D4-82BA-AFCF87F7B6C6}"
EndProject
Global
	GlobalSection(SolutionConfigurationPlatforms) = preSolution
		Debug|Any CPU = Debug|Any CPU
		Release|Any CPU = Release|Any CPU
	EndGlobalSection
	GlobalSection(ProjectConfigurationPlatforms) = postSolution
		{FF07D0EC-7E2F-4836-957F-BF5BF77138D8}.Debug|Any CPU.ActiveCfg = Debug|Any CPU
		{FF07D0EC-7E2F-4836-957F-BF5BF77138D8}.Debug|Any CPU.Build.0 = Debug|Any CPU
		{FF07D0EC-7E2F-4836-957F-BF5BF77138D8}.Release|Any CPU.ActiveCfg = Release|Any CPU
		{FF07D0EC-7E2F-4836-957F-BF5BF77138D8}.Release|Any CPU.Build.0 = Release|Any CPU
		{D86AAD37-0447-40DF-BE0C-A0EC8A49D9F9}.Debug|Any CPU.ActiveCfg = Debug|Any CPU
		{D86AAD37-0447-40DF-BE0C-A0EC8A49D9F9}.Debug|Any CPU.Build.0 = Debug|Any CPU
		{D86AAD37-0447-40DF-BE0C-A0EC8A49D9F9}.Release|Any CPU.ActiveCfg = Release|Any CPU
		{D86AAD37-0447-40DF-BE0C-A0EC8A49D9F9}.Release|Any CPU.Build.0 = Release|Any CPU
		{8AC78BE2-73D9-4C96-94AE-0A11F6190482}.Debug|Any CPU.ActiveCfg = Debug|Any CPU
		{8AC78BE2-73D9-4C96-94AE-0A11F6190482}.Debug|Any CPU.Build.0 = Debug|Any CPU
		{8AC78BE2-73D9-4C96-94AE-0A11F6190482}.Release|Any CPU.ActiveCfg = Release|Any CPU
		{8AC78BE2-73D9-4C96-94AE-0A11F6190482}.Release|Any CPU.Build.0 = Release|Any CPU
		{7BC17B2E-A105-407C-ADFB-CE999EAB7B46}.Debug|Any CPU.ActiveCfg = Debug|Any CPU
		{7BC17B2E-A105-407C-ADFB-CE999EAB7B46}.Debug|Any CPU.Build.0 = Debug|Any CPU
		{7BC17B2E-A105-407C-ADFB-CE999EAB7B46}.Release|Any CPU.ActiveCfg = Release|Any CPU
		{7BC17B2E-A105-407C-ADFB-CE999EAB7B46}.Release|Any CPU.Build.0 = Release|Any CPU
		{298F4F0F-7282-42B5-A773-964A20239E98}.Debug|Any CPU.ActiveCfg = Debug|Any CPU
		{298F4F0F-7282-42B5-A773-964A20239E98}.Debug|Any CPU.Build.0 = Debug|Any CPU
		{298F4F0F-7282-42B5-A773-964A20239E98}.Release|Any CPU.ActiveCfg = Release|Any CPU
		{298F4F0F-7282-42B5-A773-964A20239E98}.Release|Any CPU.Build.0 = Release|Any CPU
		{0C68A528-F489-45D4-82BA-AFCF87F7B6C6}.Debug|Any CPU.ActiveCfg = Debug|Any CPU
		{0C68A528-F489-45D4-82BA-AFCF87F7B6C6}.Debug|Any CPU.Build.0 = Debug|Any CPU
		{0C68A528-F489-45D4-82BA-AFCF87F7B6C6}.Debug|Any CPU.Deploy.0 = Debug|Any CPU
		{0C68A528-F489-45D4-82BA-AFCF87F7B6C6}.Release|Any CPU.ActiveCfg = Release|Any CPU
		{0C68A528-F489-45D4-82BA-AFCF87F7B6C6}.Release|Any CPU.Build.0 = Release|Any CPU
		{0C68A528-F489-45D4-82BA-AFCF87F7B6C6}.Release|Any CPU.Deploy.0 = Release|Any CPU
	EndGlobalSection
	GlobalSection(SolutionProperties) = preSolution
		HideSolutionNode = FALSE
	EndGlobalSection
	GlobalSection(NestedProjects) = preSolution
		{4640B94D-6D51-447E-99F3-5C90B4656CE5} = {4D138A24-72BC-4C08-A8DB-D6BB78F1E620}
		{667A86CB-D5A0-4CD3-9006-146E622FD681} = {4D138A24-72BC-4C08-A8DB-D6BB78F1E620}
		{D0C0C212-9947-41E6-A0FB-7CF001CE4BF7} = {4D138A24-72BC-4C08-A8DB-D6BB78F1E620}
		{54626A9F-2C6E-4026-A2CA-08383BFA27D2} = {4D138A24-72BC-4C08-A8DB-D6BB78F1E620}
		{FF07D0EC-7E2F-4836-957F-BF5BF77138D8} = {4640B94D-6D51-447E-99F3-5C90B4656CE5}
		{D86AAD37-0447-40DF-BE0C-A0EC8A49D9F9} = {667A86CB-D5A0-4CD3-9006-146E622FD681}
		{8AC78BE2-73D9-4C96-94AE-0A11F6190482} = {667A86CB-D5A0-4CD3-9006-146E622FD681}
		{7BC17B2E-A105-407C-ADFB-CE999EAB7B46} = {D0C0C212-9947-41E6-A0FB-7CF001CE4BF7}
		{298F4F0F-7282-42B5-A773-964A20239E98} = {D0C0C212-9947-41E6-A0FB-7CF001CE4BF7}
		{0C68A528-F489-45D4-82BA-AFCF87F7B6C6} = {54626A9F-2C6E-4026-A2CA-08383BFA27D2}
	EndGlobalSection
	GlobalSection(ExtensibilityGlobals) = postSolution
		SolutionGuid = {3FFAF1F4-DF63-4D7C-BAF9-333F74A6FD8E}
	EndGlobalSection
EndGlobal
